
Microsoft Visual Studio Solution File, Format Version 12.00
# Visual Studio 15
VisualStudioVersion = 15.0.27703.2035
MinimumVisualStudioVersion = 10.0.40219.1
Project("{FAE04EC0-301F-11D3-BF4B-00C04F79EFBC}") = "AAMod", "AAMod.csproj", "{6B396D97-42F9-4E28-BAF5-AB2432F75BFD}"
EndProject
Global
	GlobalSection(SolutionConfigurationPlatforms) = preSolution
		Debug|Any CPU = Debug|Any CPU
		Release|Any CPU = Release|Any CPU
	EndGlobalSection
	GlobalSection(ProjectConfigurationPlatforms) = postSolution
		{6B396D97-42F9-4E28-BAF5-AB2432F75BFD}.Debug|Any CPU.ActiveCfg = Debug|Any CPU
		{6B396D97-42F9-4E28-BAF5-AB2432F75BFD}.Debug|Any CPU.Build.0 = Debug|Any CPU
		{6B396D97-42F9-4E28-BAF5-AB2432F75BFD}.Release|Any CPU.ActiveCfg = Release|Any CPU
		{6B396D97-42F9-4E28-BAF5-AB2432F75BFD}.Release|Any CPU.Build.0 = Release|Any CPU
	EndGlobalSection
	GlobalSection(SolutionProperties) = preSolution
		HideSolutionNode = FALSE
	EndGlobalSection
	GlobalSection(ExtensibilityGlobals) = postSolution
		SolutionGuid = {C80DAF3C-4E27-46CE-8A2B-FEB588144A2A}
	EndGlobalSection
EndGlobal
